
Microsoft Visual Studio Solution File, Format Version 12.00
# Visual Studio 2012
# SharpDevelop 5.2
VisualStudioVersion = 14.0.25420.1
MinimumVisualStudioVersion = 10.0.40219.1
Project("{2150E333-8FDC-42A3-9474-1A3956D46DE8}") = "shared", "shared", "{43E2CFCA-C0EA-4D98-9BDF-F60CECB2F95C}"
	ProjectSection(SolutionItems) = preProject
		src\Shared\SharedAssemblyInfo.cs = src\Shared\SharedAssemblyInfo.cs
	EndProjectSection
EndProject
Project("{2150E333-8FDC-42A3-9474-1A3956D46DE8}") = "src", "src", "{64C9CA04-95DF-48EB-90C0-5EF239897875}"
EndProject
Project("{FAE04EC0-301F-11D3-BF4B-00C04F79EFBC}") = "Draw2D.Spatial", "src\Draw2D.Spatial\Draw2D.Spatial.csproj", "{BF27E596-01F5-45AF-99FB-703C004D27A5}"
EndProject
Project("{FAE04EC0-301F-11D3-BF4B-00C04F79EFBC}") = "Draw2D.Models", "src\Draw2D.Models\Draw2D.Models.csproj", "{C643E997-10D7-4B29-8AC8-6E2709EC417E}"
EndProject
Project("{FAE04EC0-301F-11D3-BF4B-00C04F79EFBC}") = "Draw2D.Editor", "src\Draw2D.Editor\Draw2D.Editor.csproj", "{49BF5585-8390-4AA8-AEEC-1231A332A8C4}"
EndProject
Project("{FAE04EC0-301F-11D3-BF4B-00C04F79EFBC}") = "Draw2D.ViewModels", "src\Draw2D.ViewModels\Draw2D.ViewModels.csproj", "{708A5162-7D46-4DF4-9F93-549EF43500E4}"
EndProject
Project("{2150E333-8FDC-42A3-9474-1A3956D46DE8}") = "tests", "tests", "{A790FE39-DA58-41B6-81E7-33E8972085AE}"
EndProject
Project("{FAE04EC0-301F-11D3-BF4B-00C04F79EFBC}") = "Draw2D.Spatial.UnitTests", "tests\Draw2D.Spatial.UnitTests\Draw2D.Spatial.UnitTests.csproj", "{6F803C3D-0E71-48F9-A58B-40B7F3CDAC6F}"
EndProject
Project("{2150E333-8FDC-42A3-9474-1A3956D46DE8}") = "samples", "samples", "{DEFEAC09-A059-4516-841C-66B6096CE991}"
EndProject
Project("{FAE04EC0-301F-11D3-BF4B-00C04F79EFBC}") = "Draw2D.Wpf", "samples\Draw2D.Wpf\Draw2D.Wpf.csproj", "{41A7B9BA-A69C-46D4-997E-F2E12ACE58D6}"
EndProject
Project("{2150E333-8FDC-42A3-9474-1A3956D46DE8}") = "nuget", "nuget", "{110A78E2-129F-4F12-A089-484CF9BA4383}"
	ProjectSection(SolutionItems) = preProject
		src\Draw2D.Editor\Draw2D.Editor.nuspec = src\Draw2D.Editor\Draw2D.Editor.nuspec
		src\Draw2D.Models\Draw2D.Models.nuspec = src\Draw2D.Models\Draw2D.Models.nuspec
		src\Draw2D.Spatial\Draw2D.Spatial.nuspec = src\Draw2D.Spatial\Draw2D.Spatial.nuspec
		src\Draw2D.ViewModels\Draw2D.ViewModels.nuspec = src\Draw2D.ViewModels\Draw2D.ViewModels.nuspec
	EndProjectSection
EndProject
Global
	GlobalSection(SolutionConfigurationPlatforms) = preSolution
		Debug|Any CPU = Debug|Any CPU
		Debug|x86 = Debug|x86
		Debug|x64 = Debug|x64
		Release|Any CPU = Release|Any CPU
		Release|x86 = Release|x86
		Release|x64 = Release|x64
	EndGlobalSection
	GlobalSection(ProjectConfigurationPlatforms) = postSolution
		{BF27E596-01F5-45AF-99FB-703C004D27A5}.Debug|Any CPU.ActiveCfg = Debug|Any CPU
		{BF27E596-01F5-45AF-99FB-703C004D27A5}.Debug|Any CPU.Build.0 = Debug|Any CPU
		{BF27E596-01F5-45AF-99FB-703C004D27A5}.Debug|x86.ActiveCfg = Debug|x86
		{BF27E596-01F5-45AF-99FB-703C004D27A5}.Debug|x86.Build.0 = Debug|x86
		{BF27E596-01F5-45AF-99FB-703C004D27A5}.Debug|x64.ActiveCfg = Debug|x64
		{BF27E596-01F5-45AF-99FB-703C004D27A5}.Debug|x64.Build.0 = Debug|x64
		{BF27E596-01F5-45AF-99FB-703C004D27A5}.Release|Any CPU.ActiveCfg = Release|Any CPU
		{BF27E596-01F5-45AF-99FB-703C004D27A5}.Release|Any CPU.Build.0 = Release|Any CPU
		{BF27E596-01F5-45AF-99FB-703C004D27A5}.Release|x86.ActiveCfg = Release|x86
		{BF27E596-01F5-45AF-99FB-703C004D27A5}.Release|x86.Build.0 = Release|x86
		{BF27E596-01F5-45AF-99FB-703C004D27A5}.Release|x64.ActiveCfg = Release|x64
		{BF27E596-01F5-45AF-99FB-703C004D27A5}.Release|x64.Build.0 = Release|x64
		{C643E997-10D7-4B29-8AC8-6E2709EC417E}.Debug|Any CPU.ActiveCfg = Debug|Any CPU
		{C643E997-10D7-4B29-8AC8-6E2709EC417E}.Debug|Any CPU.Build.0 = Debug|Any CPU
		{C643E997-10D7-4B29-8AC8-6E2709EC417E}.Debug|x86.ActiveCfg = Debug|x86
		{C643E997-10D7-4B29-8AC8-6E2709EC417E}.Debug|x86.Build.0 = Debug|x86
		{C643E997-10D7-4B29-8AC8-6E2709EC417E}.Debug|x64.ActiveCfg = Debug|x64
		{C643E997-10D7-4B29-8AC8-6E2709EC417E}.Debug|x64.Build.0 = Debug|x64
		{C643E997-10D7-4B29-8AC8-6E2709EC417E}.Release|Any CPU.ActiveCfg = Release|Any CPU
		{C643E997-10D7-4B29-8AC8-6E2709EC417E}.Release|Any CPU.Build.0 = Release|Any CPU
		{C643E997-10D7-4B29-8AC8-6E2709EC417E}.Release|x86.ActiveCfg = Release|x86
		{C643E997-10D7-4B29-8AC8-6E2709EC417E}.Release|x86.Build.0 = Release|x86
		{C643E997-10D7-4B29-8AC8-6E2709EC417E}.Release|x64.ActiveCfg = Release|x64
		{C643E997-10D7-4B29-8AC8-6E2709EC417E}.Release|x64.Build.0 = Release|x64
		{49BF5585-8390-4AA8-AEEC-1231A332A8C4}.Debug|Any CPU.ActiveCfg = Debug|Any CPU
		{49BF5585-8390-4AA8-AEEC-1231A332A8C4}.Debug|Any CPU.Build.0 = Debug|Any CPU
		{49BF5585-8390-4AA8-AEEC-1231A332A8C4}.Debug|x86.ActiveCfg = Debug|x86
		{49BF5585-8390-4AA8-AEEC-1231A332A8C4}.Debug|x86.Build.0 = Debug|x86
		{49BF5585-8390-4AA8-AEEC-1231A332A8C4}.Debug|x64.ActiveCfg = Debug|x64
		{49BF5585-8390-4AA8-AEEC-1231A332A8C4}.Debug|x64.Build.0 = Debug|x64
		{49BF5585-8390-4AA8-AEEC-1231A332A8C4}.Release|Any CPU.ActiveCfg = Release|Any CPU
		{49BF5585-8390-4AA8-AEEC-1231A332A8C4}.Release|Any CPU.Build.0 = Release|Any CPU
		{49BF5585-8390-4AA8-AEEC-1231A332A8C4}.Release|x86.ActiveCfg = Release|x86
		{49BF5585-8390-4AA8-AEEC-1231A332A8C4}.Release|x86.Build.0 = Release|x86
		{49BF5585-8390-4AA8-AEEC-1231A332A8C4}.Release|x64.ActiveCfg = Release|x64
		{49BF5585-8390-4AA8-AEEC-1231A332A8C4}.Release|x64.Build.0 = Release|x64
		{708A5162-7D46-4DF4-9F93-549EF43500E4}.Debug|Any CPU.ActiveCfg = Debug|Any CPU
		{708A5162-7D46-4DF4-9F93-549EF43500E4}.Debug|Any CPU.Build.0 = Debug|Any CPU
		{708A5162-7D46-4DF4-9F93-549EF43500E4}.Debug|x86.ActiveCfg = Debug|x86
		{708A5162-7D46-4DF4-9F93-549EF43500E4}.Debug|x86.Build.0 = Debug|x86
		{708A5162-7D46-4DF4-9F93-549EF43500E4}.Debug|x64.ActiveCfg = Debug|x64
		{708A5162-7D46-4DF4-9F93-549EF43500E4}.Debug|x64.Build.0 = Debug|x64
		{708A5162-7D46-4DF4-9F93-549EF43500E4}.Release|Any CPU.ActiveCfg = Release|Any CPU
		{708A5162-7D46-4DF4-9F93-549EF43500E4}.Release|Any CPU.Build.0 = Release|Any CPU
		{708A5162-7D46-4DF4-9F93-549EF43500E4}.Release|x86.ActiveCfg = Release|x86
		{708A5162-7D46-4DF4-9F93-549EF43500E4}.Release|x86.Build.0 = Release|x86
		{708A5162-7D46-4DF4-9F93-549EF43500E4}.Release|x64.ActiveCfg = Release|x64
		{708A5162-7D46-4DF4-9F93-549EF43500E4}.Release|x64.Build.0 = Release|x64
		{6F803C3D-0E71-48F9-A58B-40B7F3CDAC6F}.Debug|Any CPU.ActiveCfg = Debug|Any CPU
		{6F803C3D-0E71-48F9-A58B-40B7F3CDAC6F}.Debug|Any CPU.Build.0 = Debug|Any CPU
		{6F803C3D-0E71-48F9-A58B-40B7F3CDAC6F}.Debug|x86.ActiveCfg = Debug|x86
		{6F803C3D-0E71-48F9-A58B-40B7F3CDAC6F}.Debug|x86.Build.0 = Debug|x86
		{6F803C3D-0E71-48F9-A58B-40B7F3CDAC6F}.Debug|x64.ActiveCfg = Debug|x64
		{6F803C3D-0E71-48F9-A58B-40B7F3CDAC6F}.Debug|x64.Build.0 = Debug|x64
		{6F803C3D-0E71-48F9-A58B-40B7F3CDAC6F}.Release|Any CPU.ActiveCfg = Release|Any CPU
		{6F803C3D-0E71-48F9-A58B-40B7F3CDAC6F}.Release|Any CPU.Build.0 = Release|Any CPU
		{6F803C3D-0E71-48F9-A58B-40B7F3CDAC6F}.Release|x86.ActiveCfg = Release|x86
		{6F803C3D-0E71-48F9-A58B-40B7F3CDAC6F}.Release|x86.Build.0 = Release|x86
		{6F803C3D-0E71-48F9-A58B-40B7F3CDAC6F}.Release|x64.ActiveCfg = Release|x64
		{6F803C3D-0E71-48F9-A58B-40B7F3CDAC6F}.Release|x64.Build.0 = Release|x64
		{41A7B9BA-A69C-46D4-997E-F2E12ACE58D6}.Debug|Any CPU.ActiveCfg = Debug|Any CPU
		{41A7B9BA-A69C-46D4-997E-F2E12ACE58D6}.Debug|Any CPU.Build.0 = Debug|Any CPU
		{41A7B9BA-A69C-46D4-997E-F2E12ACE58D6}.Debug|x86.ActiveCfg = Debug|x86
		{41A7B9BA-A69C-46D4-997E-F2E12ACE58D6}.Debug|x86.Build.0 = Debug|x86
		{41A7B9BA-A69C-46D4-997E-F2E12ACE58D6}.Debug|x64.ActiveCfg = Debug|x64
		{41A7B9BA-A69C-46D4-997E-F2E12ACE58D6}.Debug|x64.Build.0 = Debug|x64
		{41A7B9BA-A69C-46D4-997E-F2E12ACE58D6}.Release|Any CPU.ActiveCfg = Release|Any CPU
		{41A7B9BA-A69C-46D4-997E-F2E12ACE58D6}.Release|Any CPU.Build.0 = Release|Any CPU
		{41A7B9BA-A69C-46D4-997E-F2E12ACE58D6}.Release|x86.ActiveCfg = Release|x86
		{41A7B9BA-A69C-46D4-997E-F2E12ACE58D6}.Release|x86.Build.0 = Release|x86
		{41A7B9BA-A69C-46D4-997E-F2E12ACE58D6}.Release|x64.ActiveCfg = Release|x64
		{41A7B9BA-A69C-46D4-997E-F2E12ACE58D6}.Release|x64.Build.0 = Release|x64
	EndGlobalSection
	GlobalSection(SolutionProperties) = preSolution
		HideSolutionNode = FALSE
	EndGlobalSection
	GlobalSection(NestedProjects) = preSolution
		{BF27E596-01F5-45AF-99FB-703C004D27A5} = {64C9CA04-95DF-48EB-90C0-5EF239897875}
		{C643E997-10D7-4B29-8AC8-6E2709EC417E} = {64C9CA04-95DF-48EB-90C0-5EF239897875}
		{49BF5585-8390-4AA8-AEEC-1231A332A8C4} = {64C9CA04-95DF-48EB-90C0-5EF239897875}
		{708A5162-7D46-4DF4-9F93-549EF43500E4} = {64C9CA04-95DF-48EB-90C0-5EF239897875}
		{6F803C3D-0E71-48F9-A58B-40B7F3CDAC6F} = {A790FE39-DA58-41B6-81E7-33E8972085AE}
		{41A7B9BA-A69C-46D4-997E-F2E12ACE58D6} = {DEFEAC09-A059-4516-841C-66B6096CE991}
	EndGlobalSection
EndGlobal
