
Microsoft Visual Studio Solution File, Format Version 12.00
# Visual Studio 15
VisualStudioVersion = 15.0.26124.0
MinimumVisualStudioVersion = 15.0.26124.0
Project("{2150E333-8FDC-42A3-9474-1A3956D46DE8}") = "src", "src", "{12282AE1-C2BB-4A9D-8336-B6C96A31A994}"
EndProject
Project("{FAE04EC0-301F-11D3-BF4B-00C04F79EFBC}") = "Draw2D", "src\Draw2D\Draw2D.csproj", "{4867F8AD-CCFF-4F48-BB63-9DE6F28BAE13}"
EndProject
Project("{FAE04EC0-301F-11D3-BF4B-00C04F79EFBC}") = "Draw2D.Desktop", "src\Draw2D.Destop\Draw2D.Desktop.csproj", "{C9189384-0590-4A4A-AC94-F304A651B3E0}"
EndProject
Project("{FAE04EC0-301F-11D3-BF4B-00C04F79EFBC}") = "Draw2D.Web", "src\Draw2D.Web\Draw2D.Web.csproj", "{FC8438E9-9BB6-4848-B779-B843C11A913F}"
EndProject
Global
	GlobalSection(SolutionConfigurationPlatforms) = preSolution
		Debug|Any CPU = Debug|Any CPU
		Debug|x64 = Debug|x64
		Debug|x86 = Debug|x86
		Release|Any CPU = Release|Any CPU
		Release|x64 = Release|x64
		Release|x86 = Release|x86
	EndGlobalSection
	GlobalSection(SolutionProperties) = preSolution
		HideSolutionNode = FALSE
	EndGlobalSection
	GlobalSection(ProjectConfigurationPlatforms) = postSolution
		{4867F8AD-CCFF-4F48-BB63-9DE6F28BAE13}.Debug|Any CPU.ActiveCfg = Debug|Any CPU
		{4867F8AD-CCFF-4F48-BB63-9DE6F28BAE13}.Debug|Any CPU.Build.0 = Debug|Any CPU
		{4867F8AD-CCFF-4F48-BB63-9DE6F28BAE13}.Debug|x64.ActiveCfg = Debug|Any CPU
		{4867F8AD-CCFF-4F48-BB63-9DE6F28BAE13}.Debug|x64.Build.0 = Debug|Any CPU
		{4867F8AD-CCFF-4F48-BB63-9DE6F28BAE13}.Debug|x86.ActiveCfg = Debug|Any CPU
		{4867F8AD-CCFF-4F48-BB63-9DE6F28BAE13}.Debug|x86.Build.0 = Debug|Any CPU
		{4867F8AD-CCFF-4F48-BB63-9DE6F28BAE13}.Release|Any CPU.ActiveCfg = Release|Any CPU
		{4867F8AD-CCFF-4F48-BB63-9DE6F28BAE13}.Release|Any CPU.Build.0 = Release|Any CPU
		{4867F8AD-CCFF-4F48-BB63-9DE6F28BAE13}.Release|x64.ActiveCfg = Release|Any CPU
		{4867F8AD-CCFF-4F48-BB63-9DE6F28BAE13}.Release|x64.Build.0 = Release|Any CPU
		{4867F8AD-CCFF-4F48-BB63-9DE6F28BAE13}.Release|x86.ActiveCfg = Release|Any CPU
		{4867F8AD-CCFF-4F48-BB63-9DE6F28BAE13}.Release|x86.Build.0 = Release|Any CPU
		{C9189384-0590-4A4A-AC94-F304A651B3E0}.Debug|Any CPU.ActiveCfg = Debug|Any CPU
		{C9189384-0590-4A4A-AC94-F304A651B3E0}.Debug|Any CPU.Build.0 = Debug|Any CPU
		{C9189384-0590-4A4A-AC94-F304A651B3E0}.Debug|x64.ActiveCfg = Debug|Any CPU
		{C9189384-0590-4A4A-AC94-F304A651B3E0}.Debug|x64.Build.0 = Debug|Any CPU
		{C9189384-0590-4A4A-AC94-F304A651B3E0}.Debug|x86.ActiveCfg = Debug|Any CPU
		{C9189384-0590-4A4A-AC94-F304A651B3E0}.Debug|x86.Build.0 = Debug|Any CPU
		{C9189384-0590-4A4A-AC94-F304A651B3E0}.Release|Any CPU.ActiveCfg = Release|Any CPU
		{C9189384-0590-4A4A-AC94-F304A651B3E0}.Release|Any CPU.Build.0 = Release|Any CPU
		{C9189384-0590-4A4A-AC94-F304A651B3E0}.Release|x64.ActiveCfg = Release|Any CPU
		{C9189384-0590-4A4A-AC94-F304A651B3E0}.Release|x64.Build.0 = Release|Any CPU
		{C9189384-0590-4A4A-AC94-F304A651B3E0}.Release|x86.ActiveCfg = Release|Any CPU
		{C9189384-0590-4A4A-AC94-F304A651B3E0}.Release|x86.Build.0 = Release|Any CPU
		{FC8438E9-9BB6-4848-B779-B843C11A913F}.Debug|Any CPU.ActiveCfg = Debug|Any CPU
		{FC8438E9-9BB6-4848-B779-B843C11A913F}.Debug|Any CPU.Build.0 = Debug|Any CPU
		{FC8438E9-9BB6-4848-B779-B843C11A913F}.Debug|x64.ActiveCfg = Debug|Any CPU
		{FC8438E9-9BB6-4848-B779-B843C11A913F}.Debug|x64.Build.0 = Debug|Any CPU
		{FC8438E9-9BB6-4848-B779-B843C11A913F}.Debug|x86.ActiveCfg = Debug|Any CPU
		{FC8438E9-9BB6-4848-B779-B843C11A913F}.Debug|x86.Build.0 = Debug|Any CPU
		{FC8438E9-9BB6-4848-B779-B843C11A913F}.Release|Any CPU.ActiveCfg = Release|Any CPU
		{FC8438E9-9BB6-4848-B779-B843C11A913F}.Release|Any CPU.Build.0 = Release|Any CPU
		{FC8438E9-9BB6-4848-B779-B843C11A913F}.Release|x64.ActiveCfg = Release|Any CPU
		{FC8438E9-9BB6-4848-B779-B843C11A913F}.Release|x64.Build.0 = Release|Any CPU
		{FC8438E9-9BB6-4848-B779-B843C11A913F}.Release|x86.ActiveCfg = Release|Any CPU
		{FC8438E9-9BB6-4848-B779-B843C11A913F}.Release|x86.Build.0 = Release|Any CPU
	EndGlobalSection
	GlobalSection(NestedProjects) = preSolution
		{4867F8AD-CCFF-4F48-BB63-9DE6F28BAE13} = {12282AE1-C2BB-4A9D-8336-B6C96A31A994}
		{C9189384-0590-4A4A-AC94-F304A651B3E0} = {12282AE1-C2BB-4A9D-8336-B6C96A31A994}
		{FC8438E9-9BB6-4848-B779-B843C11A913F} = {12282AE1-C2BB-4A9D-8336-B6C96A31A994}
	EndGlobalSection
EndGlobal
