
Microsoft Visual Studio Solution File, Format Version 12.00
# Visual Studio 15
VisualStudioVersion = 15.0.27004.2006
MinimumVisualStudioVersion = 10.0.40219.1
Project("{9A19103F-16F7-4668-BE54-9A1E7A4F7556}") = "Core2D.Avalonia", "src\Core2D.Avalonia\Core2D.Avalonia.csproj", "{B6933C11-D4F5-434E-9C15-7E3E91F07161}"
EndProject
Project("{2150E333-8FDC-42A3-9474-1A3956D46DE8}") = "src", "src", "{DD542814-7BFF-4989-879F-B3FDA0381D0A}"
EndProject
Project("{2150E333-8FDC-42A3-9474-1A3956D46DE8}") = "build", "build", "{1E5AD982-D53E-4284-8F0F-DA5007634100}"
EndProject
Project("{2150E333-8FDC-42A3-9474-1A3956D46DE8}") = "props", "props", "{5AE480D6-EE0B-49BB-91DF-30F172F49569}"
	ProjectSection(SolutionItems) = preProject
		build\Avalonia.Desktop.props = build\Avalonia.Desktop.props
		build\Avalonia.props = build\Avalonia.props
		build\ILCompiler.props = build\ILCompiler.props
		build\Math.Spatial.props = build\Math.Spatial.props
		build\NETCore.props = build\NETCore.props
		build\Newtonsoft.Json.props = build\Newtonsoft.Json.props
		build\Rx.props = build\Rx.props
	EndProjectSection
EndProject
Project("{2150E333-8FDC-42A3-9474-1A3956D46DE8}") = "native", "native", "{843CC0C8-D5B7-41CF-9082-B8BCE2C859EA}"
	ProjectSection(SolutionItems) = preProject
		build\native\rd.xml = build\native\rd.xml
	EndProjectSection
EndProject
Global
	GlobalSection(SolutionConfigurationPlatforms) = preSolution
		Debug|Any CPU = Debug|Any CPU
		Debug|x64 = Debug|x64
		Debug|x86 = Debug|x86
		Release|Any CPU = Release|Any CPU
		Release|x64 = Release|x64
		Release|x86 = Release|x86
	EndGlobalSection
	GlobalSection(ProjectConfigurationPlatforms) = postSolution
		{B6933C11-D4F5-434E-9C15-7E3E91F07161}.Debug|Any CPU.ActiveCfg = Debug|Any CPU
		{B6933C11-D4F5-434E-9C15-7E3E91F07161}.Debug|Any CPU.Build.0 = Debug|Any CPU
		{B6933C11-D4F5-434E-9C15-7E3E91F07161}.Debug|x64.ActiveCfg = Debug|Any CPU
		{B6933C11-D4F5-434E-9C15-7E3E91F07161}.Debug|x64.Build.0 = Debug|Any CPU
		{B6933C11-D4F5-434E-9C15-7E3E91F07161}.Debug|x86.ActiveCfg = Debug|Any CPU
		{B6933C11-D4F5-434E-9C15-7E3E91F07161}.Debug|x86.Build.0 = Debug|Any CPU
		{B6933C11-D4F5-434E-9C15-7E3E91F07161}.Release|Any CPU.ActiveCfg = Release|Any CPU
		{B6933C11-D4F5-434E-9C15-7E3E91F07161}.Release|Any CPU.Build.0 = Release|Any CPU
		{B6933C11-D4F5-434E-9C15-7E3E91F07161}.Release|x64.ActiveCfg = Release|Any CPU
		{B6933C11-D4F5-434E-9C15-7E3E91F07161}.Release|x64.Build.0 = Release|Any CPU
		{B6933C11-D4F5-434E-9C15-7E3E91F07161}.Release|x86.ActiveCfg = Release|Any CPU
		{B6933C11-D4F5-434E-9C15-7E3E91F07161}.Release|x86.Build.0 = Release|Any CPU
	EndGlobalSection
	GlobalSection(SolutionProperties) = preSolution
		HideSolutionNode = FALSE
	EndGlobalSection
	GlobalSection(NestedProjects) = preSolution
		{B6933C11-D4F5-434E-9C15-7E3E91F07161} = {DD542814-7BFF-4989-879F-B3FDA0381D0A}
		{5AE480D6-EE0B-49BB-91DF-30F172F49569} = {1E5AD982-D53E-4284-8F0F-DA5007634100}
		{843CC0C8-D5B7-41CF-9082-B8BCE2C859EA} = {1E5AD982-D53E-4284-8F0F-DA5007634100}
	EndGlobalSection
	GlobalSection(ExtensibilityGlobals) = postSolution
		SolutionGuid = {497FC496-A3AD-4F7E-A11F-8554436570B9}
	EndGlobalSection
EndGlobal
